
Microsoft Visual Studio Solution File, Format Version 12.00
# Visual Studio Version 17
VisualStudioVersion = 17.9.34616.47
MinimumVisualStudioVersion = 10.0.40219.1
Project("{FAE04EC0-301F-11D3-BF4B-00C04F79EFBC}") = "Weather-WebScraper", "Weather-WebScraper\Weather-WebScraper.csproj", "{FAF15FAC-FEF2-4AF9-99CA-5D4B3C20C5A0}"
EndProject
Global
	GlobalSection(SolutionConfigurationPlatforms) = preSolution
		Debug|Any CPU = Debug|Any CPU
		Release|Any CPU = Release|Any CPU
	EndGlobalSection
	GlobalSection(ProjectConfigurationPlatforms) = postSolution
		{FAF15FAC-FEF2-4AF9-99CA-5D4B3C20C5A0}.Debug|Any CPU.ActiveCfg = Debug|Any CPU
		{FAF15FAC-FEF2-4AF9-99CA-5D4B3C20C5A0}.Debug|Any CPU.Build.0 = Debug|Any CPU
		{FAF15FAC-FEF2-4AF9-99CA-5D4B3C20C5A0}.Release|Any CPU.ActiveCfg = Release|Any CPU
		{FAF15FAC-FEF2-4AF9-99CA-5D4B3C20C5A0}.Release|Any CPU.Build.0 = Release|Any CPU
	EndGlobalSection
	GlobalSection(SolutionProperties) = preSolution
		HideSolutionNode = FALSE
	EndGlobalSection
	GlobalSection(ExtensibilityGlobals) = postSolution
		SolutionGuid = {8ECEBCBC-37FC-4A4F-8230-3CB11CB05CF7}
	EndGlobalSection
EndGlobal
